
Microsoft Visual Studio Solution File, Format Version 12.00
# Visual Studio Version 17
VisualStudioVersion = 17.10.35027.167
MinimumVisualStudioVersion = 10.0.40219.1
Project("{FAE04EC0-301F-11D3-BF4B-00C04F79EFBC}") = "ParamsArgsProj", "ParamsArgsProj\ParamsArgsProj.csproj", "{B54430F6-6F8A-48A6-A700-8C4980026766}"
EndProject
Global
	GlobalSection(SolutionConfigurationPlatforms) = preSolution
		Debug|Any CPU = Debug|Any CPU
		Release|Any CPU = Release|Any CPU
	EndGlobalSection
	GlobalSection(ProjectConfigurationPlatforms) = postSolution
		{B54430F6-6F8A-48A6-A700-8C4980026766}.Debug|Any CPU.ActiveCfg = Debug|Any CPU
		{B54430F6-6F8A-48A6-A700-8C4980026766}.Debug|Any CPU.Build.0 = Debug|Any CPU
		{B54430F6-6F8A-48A6-A700-8C4980026766}.Release|Any CPU.ActiveCfg = Release|Any CPU
		{B54430F6-6F8A-48A6-A700-8C4980026766}.Release|Any CPU.Build.0 = Release|Any CPU
	EndGlobalSection
	GlobalSection(SolutionProperties) = preSolution
		HideSolutionNode = FALSE
	EndGlobalSection
	GlobalSection(ExtensibilityGlobals) = postSolution
		SolutionGuid = {F2CA7D7A-CA78-4D8F-BE47-B8C434F60BC6}
	EndGlobalSection
EndGlobal
